
Microsoft Visual Studio Solution File, Format Version 12.00
# Visual Studio Version 17
VisualStudioVersion = 17.10.34928.147
MinimumVisualStudioVersion = 10.0.40219.1
Project("{2150E333-8FDC-42A3-9474-1A3956D46DE8}") = "Src", "Src", "{AAC372B3-07D3-4BC0-B543-D51CCF2EC0B2}"
EndProject
Project("{2150E333-8FDC-42A3-9474-1A3956D46DE8}") = "1.Domain", "1.Domain", "{FB3CA0AE-21AC-4DB4-A4F6-F6E3C3D2081F}"
EndProject
Project("{2150E333-8FDC-42A3-9474-1A3956D46DE8}") = "2.Infrastructure", "2.Infrastructure", "{6BF89856-086A-47A0-BBC4-7402B6F28503}"
EndProject
Project("{2150E333-8FDC-42A3-9474-1A3956D46DE8}") = "3.Application", "3.Application", "{045398E4-7864-47F6-BF04-D03467C02A34}"
EndProject
Project("{2150E333-8FDC-42A3-9474-1A3956D46DE8}") = "4.Endpoints", "4.Endpoints", "{131830B1-C43B-4020-9781-AE257ACF810C}"
EndProject
Project("{9A19103F-16F7-4668-BE54-9A1E7A4F7556}") = "Task.Domain", "Src\Domain\Task.Domain\Task.Domain.csproj", "{226C2967-7F5C-4DE6-A5C1-857120C2ACF9}"
EndProject
Project("{9A19103F-16F7-4668-BE54-9A1E7A4F7556}") = "Task.Infrastructure", "Src\Infra\Task.Infra\Task.Infrastructure.csproj", "{0562DC82-86BA-405A-9F98-3DC118200105}"
EndProject
Project("{9A19103F-16F7-4668-BE54-9A1E7A4F7556}") = "Task.Application", "Src\Application\Task.Application\Task.Application.csproj", "{0F560AE6-6A61-4FF5-948D-AC3470DB3CA3}"
EndProject
Project("{9A19103F-16F7-4668-BE54-9A1E7A4F7556}") = "task.API", "Src\Endpoints\task.API\task.API.csproj", "{E664B7AD-9A09-404F-B81E-A3536F6D8349}"
EndProject
Project("{2150E333-8FDC-42A3-9474-1A3956D46DE8}") = "Framework", "Framework", "{174A80A6-A2AB-441E-B3E2-90A8D99DE656}"
EndProject
Project("{9A19103F-16F7-4668-BE54-9A1E7A4F7556}") = "AIPFramework", "framework\AIPFramework\AIPFramework.csproj", "{5CC6FB62-16A6-4030-968A-4AF12FBFAE89}"
EndProject
Global
	GlobalSection(SolutionConfigurationPlatforms) = preSolution
		Debug|Any CPU = Debug|Any CPU
		Release|Any CPU = Release|Any CPU
	EndGlobalSection
	GlobalSection(ProjectConfigurationPlatforms) = postSolution
		{226C2967-7F5C-4DE6-A5C1-857120C2ACF9}.Debug|Any CPU.ActiveCfg = Debug|Any CPU
		{226C2967-7F5C-4DE6-A5C1-857120C2ACF9}.Debug|Any CPU.Build.0 = Debug|Any CPU
		{226C2967-7F5C-4DE6-A5C1-857120C2ACF9}.Release|Any CPU.ActiveCfg = Release|Any CPU
		{226C2967-7F5C-4DE6-A5C1-857120C2ACF9}.Release|Any CPU.Build.0 = Release|Any CPU
		{0562DC82-86BA-405A-9F98-3DC118200105}.Debug|Any CPU.ActiveCfg = Debug|Any CPU
		{0562DC82-86BA-405A-9F98-3DC118200105}.Debug|Any CPU.Build.0 = Debug|Any CPU
		{0562DC82-86BA-405A-9F98-3DC118200105}.Release|Any CPU.ActiveCfg = Release|Any CPU
		{0562DC82-86BA-405A-9F98-3DC118200105}.Release|Any CPU.Build.0 = Release|Any CPU
		{0F560AE6-6A61-4FF5-948D-AC3470DB3CA3}.Debug|Any CPU.ActiveCfg = Debug|Any CPU
		{0F560AE6-6A61-4FF5-948D-AC3470DB3CA3}.Debug|Any CPU.Build.0 = Debug|Any CPU
		{0F560AE6-6A61-4FF5-948D-AC3470DB3CA3}.Release|Any CPU.ActiveCfg = Release|Any CPU
		{0F560AE6-6A61-4FF5-948D-AC3470DB3CA3}.Release|Any CPU.Build.0 = Release|Any CPU
		{E664B7AD-9A09-404F-B81E-A3536F6D8349}.Debug|Any CPU.ActiveCfg = Debug|Any CPU
		{E664B7AD-9A09-404F-B81E-A3536F6D8349}.Debug|Any CPU.Build.0 = Debug|Any CPU
		{E664B7AD-9A09-404F-B81E-A3536F6D8349}.Release|Any CPU.ActiveCfg = Release|Any CPU
		{E664B7AD-9A09-404F-B81E-A3536F6D8349}.Release|Any CPU.Build.0 = Release|Any CPU
		{5CC6FB62-16A6-4030-968A-4AF12FBFAE89}.Debug|Any CPU.ActiveCfg = Debug|Any CPU
		{5CC6FB62-16A6-4030-968A-4AF12FBFAE89}.Debug|Any CPU.Build.0 = Debug|Any CPU
		{5CC6FB62-16A6-4030-968A-4AF12FBFAE89}.Release|Any CPU.ActiveCfg = Release|Any CPU
		{5CC6FB62-16A6-4030-968A-4AF12FBFAE89}.Release|Any CPU.Build.0 = Release|Any CPU
	EndGlobalSection
	GlobalSection(SolutionProperties) = preSolution
		HideSolutionNode = FALSE
	EndGlobalSection
	GlobalSection(NestedProjects) = preSolution
		{FB3CA0AE-21AC-4DB4-A4F6-F6E3C3D2081F} = {AAC372B3-07D3-4BC0-B543-D51CCF2EC0B2}
		{6BF89856-086A-47A0-BBC4-7402B6F28503} = {AAC372B3-07D3-4BC0-B543-D51CCF2EC0B2}
		{045398E4-7864-47F6-BF04-D03467C02A34} = {AAC372B3-07D3-4BC0-B543-D51CCF2EC0B2}
		{131830B1-C43B-4020-9781-AE257ACF810C} = {AAC372B3-07D3-4BC0-B543-D51CCF2EC0B2}
		{226C2967-7F5C-4DE6-A5C1-857120C2ACF9} = {FB3CA0AE-21AC-4DB4-A4F6-F6E3C3D2081F}
		{0562DC82-86BA-405A-9F98-3DC118200105} = {6BF89856-086A-47A0-BBC4-7402B6F28503}
		{0F560AE6-6A61-4FF5-948D-AC3470DB3CA3} = {045398E4-7864-47F6-BF04-D03467C02A34}
		{E664B7AD-9A09-404F-B81E-A3536F6D8349} = {131830B1-C43B-4020-9781-AE257ACF810C}
		{5CC6FB62-16A6-4030-968A-4AF12FBFAE89} = {174A80A6-A2AB-441E-B3E2-90A8D99DE656}
	EndGlobalSection
	GlobalSection(ExtensibilityGlobals) = postSolution
		SolutionGuid = {C1C3D3E2-4E97-480B-ACC0-960594346BBA}
	EndGlobalSection
EndGlobal
